
Microsoft Visual Studio Solution File, Format Version 12.00
# Visual Studio 15
VisualStudioVersion = 15.0.27428.1
MinimumVisualStudioVersion = 10.0.40219.1
Project("{FAE04EC0-301F-11D3-BF4B-00C04F79EFBC}") = "stokTakip", "stokTakip\stokTakip.csproj", "{7D4B52C4-A394-478A-8932-417C5AC7DB08}"
EndProject
Global
	GlobalSection(SolutionConfigurationPlatforms) = preSolution
		Debug|Any CPU = Debug|Any CPU
		Release|Any CPU = Release|Any CPU
	EndGlobalSection
	GlobalSection(ProjectConfigurationPlatforms) = postSolution
		{7D4B52C4-A394-478A-8932-417C5AC7DB08}.Debug|Any CPU.ActiveCfg = Debug|Any CPU
		{7D4B52C4-A394-478A-8932-417C5AC7DB08}.Debug|Any CPU.Build.0 = Debug|Any CPU
		{7D4B52C4-A394-478A-8932-417C5AC7DB08}.Release|Any CPU.ActiveCfg = Release|Any CPU
		{7D4B52C4-A394-478A-8932-417C5AC7DB08}.Release|Any CPU.Build.0 = Release|Any CPU
	EndGlobalSection
	GlobalSection(SolutionProperties) = preSolution
		HideSolutionNode = FALSE
	EndGlobalSection
	GlobalSection(ExtensibilityGlobals) = postSolution
		SolutionGuid = {FA43341A-4DEE-4E01-AEE3-4444A8DE2BD2}
	EndGlobalSection
EndGlobal
